
Microsoft Visual Studio Solution File, Format Version 12.00
# Visual Studio Version 17
VisualStudioVersion = 17.7.34018.315
MinimumVisualStudioVersion = 10.0.40219.1
Project("{FAE04EC0-301F-11D3-BF4B-00C04F79EFBC}") = "S95.Umbraco.OpenAI", "S95.Umbraco.OpenAI\S95.Umbraco.OpenAI.csproj", "{503B850A-F276-49FD-8DBD-79AB608D5880}"
EndProject
Global
	GlobalSection(SolutionConfigurationPlatforms) = preSolution
		Debug|Any CPU = Debug|Any CPU
		Release|Any CPU = Release|Any CPU
	EndGlobalSection
	GlobalSection(ProjectConfigurationPlatforms) = postSolution
		{503B850A-F276-49FD-8DBD-79AB608D5880}.Debug|Any CPU.ActiveCfg = Debug|Any CPU
		{503B850A-F276-49FD-8DBD-79AB608D5880}.Debug|Any CPU.Build.0 = Debug|Any CPU
		{503B850A-F276-49FD-8DBD-79AB608D5880}.Release|Any CPU.ActiveCfg = Release|Any CPU
		{503B850A-F276-49FD-8DBD-79AB608D5880}.Release|Any CPU.Build.0 = Release|Any CPU
	EndGlobalSection
	GlobalSection(SolutionProperties) = preSolution
		HideSolutionNode = FALSE
	EndGlobalSection
	GlobalSection(ExtensibilityGlobals) = postSolution
		SolutionGuid = {C3FB0BB8-9B18-407A-B11D-C81551AE76C4}
	EndGlobalSection
EndGlobal
